%{"amrita": {:git, "git://github.com/josephwilk/amrita.git", "aabb4a801045ef1aa7ea9dda5e39b159547cbd5d", []},
  "apprentice": {:git, "git://github.com/ElixirCasts/apprentice.git", "b9306b8316385c63d1e18492623a5cd3dc33df16", []},
  "meck": {:git, "git://github.com/eproxus/meck.git", "3fa3e9bbebc3e65f6ceffe4800d56335e9e3ebac", [branch: "master"]},
  "multidef": {:package, "0.2.0"}}
